
Microsoft Visual Studio Solution File, Format Version 12.00
# Visual Studio Version 17
VisualStudioVersion = 17.7.34009.444
MinimumVisualStudioVersion = 10.0.40219.1
Project("{FAE04EC0-301F-11D3-BF4B-00C04F79EFBC}") = "jeremy_artur", "jeremy_artur.csproj", "{F14B03D5-C555-43FF-AABD-13482B6BE43A}"
EndProject
Global
	GlobalSection(SolutionConfigurationPlatforms) = preSolution
		Debug|Any CPU = Debug|Any CPU
		Release|Any CPU = Release|Any CPU
	EndGlobalSection
	GlobalSection(ProjectConfigurationPlatforms) = postSolution
		{F14B03D5-C555-43FF-AABD-13482B6BE43A}.Debug|Any CPU.ActiveCfg = Debug|Any CPU
		{F14B03D5-C555-43FF-AABD-13482B6BE43A}.Debug|Any CPU.Build.0 = Debug|Any CPU
		{F14B03D5-C555-43FF-AABD-13482B6BE43A}.Release|Any CPU.ActiveCfg = Release|Any CPU
		{F14B03D5-C555-43FF-AABD-13482B6BE43A}.Release|Any CPU.Build.0 = Release|Any CPU
	EndGlobalSection
	GlobalSection(SolutionProperties) = preSolution
		HideSolutionNode = FALSE
	EndGlobalSection
	GlobalSection(ExtensibilityGlobals) = postSolution
		SolutionGuid = {3C291999-1639-4E75-A5D0-ABFCD1F8DFCA}
	EndGlobalSection
EndGlobal
